<?xml version="1.0" encoding="utf-8"?>
<Project ToolsVersion="4.0" xmlns="http://schemas.microsoft.com/developer/msbuild/2003">
  <ItemGroup>
    <Filter Include="Fichiers sources">
      <UniqueIdentifier>{4FC737F1-C7A5-4376-A066-2A32D752A2FF}</UniqueIdentifier>
      <Extensions>cpp;c;cc;cxx;def;odl;idl;hpj;bat;asm;asmx</Extensions>
    </Filter>
    <Filter Include="Fichiers d%27en-tête">
      <UniqueIdentifier>{93995380-89BD-4b04-88EB-625FBE52EBFB}</UniqueIdentifier>
      <Extensions>h;hpp;hxx;hm;inl;inc;xsd</Extensions>
    </Filter>
    <Filter Include="Fichiers de ressources">
      <UniqueIdentifier>{67DA6AB6-F800-4c08-8B7A-83BB121AAD01}</UniqueIdentifier>
      <Extensions>rc;ico;cur;bmp;dlg;rc2;rct;bin;rgs;gif;jpg;jpeg;jpe;resx;tiff;tif;png;wav;mfcribbon-ms</Extensions>
    </Filter>
    <Filter Include="Fichiers d%27en-tête\osc">
      <UniqueIdentifier>{f9c6657a-037b-489a-9895-b4f1496d2f78}</UniqueIdentifier>
    </Filter>
    <Filter Include="Fichiers d%27en-tête\tuio">
      <UniqueIdentifier>{8247063d-e4e8-475e-aa44-3ea93798ebff}</UniqueIdentifier>
    </Filter>
    <Filter Include="Fichiers de ressources\tuio">
      <UniqueIdentifier>{3250876e-38ad-4e83-ab95-2e14fe999e9a}</UniqueIdentifier>
    </Filter>
    <Filter Include="Fichiers de ressources\osc">
      <UniqueIdentifier>{e762c186-9c51-45b2-93b4-cd6b1ab413ba}</UniqueIdentifier>
    </Filter>
  </ItemGroup>
  <ItemGroup>
    <ClCompile Include="Source.cpp">
      <Filter>Fichiers de ressources</Filter>
    </ClCompile>
    <ClCompile Include="TUIO\TuioClient.cpp">
      <Filter>Fichiers de ressources\tuio</Filter>
    </ClCompile>
    <ClCompile Include="TUIO\TuioServer.cpp">
      <Filter>Fichiers de ressources\tuio</Filter>
    </ClCompile>
    <ClCompile Include="TUIO\TuioTime.cpp">
      <Filter>Fichiers de ressources\tuio</Filter>
    </ClCompile>
    <ClCompile Include="oscpack\ip\IpEndpointName.cpp">
      <Filter>Fichiers de ressources\osc</Filter>
    </ClCompile>
    <ClCompile Include="oscpack\ip\win32\NetworkingUtils.cpp">
      <Filter>Fichiers de ressources\osc</Filter>
    </ClCompile>
    <ClCompile Include="oscpack\osc\OscOutboundPacketStream.cpp">
      <Filter>Fichiers de ressources\osc</Filter>
    </ClCompile>
    <ClCompile Include="oscpack\osc\OscPrintReceivedElements.cpp">
      <Filter>Fichiers de ressources\osc</Filter>
    </ClCompile>
    <ClCompile Include="oscpack\osc\OscReceivedElements.cpp">
      <Filter>Fichiers de ressources\osc</Filter>
    </ClCompile>
    <ClCompile Include="oscpack\osc\OscTypes.cpp">
      <Filter>Fichiers de ressources\osc</Filter>
    </ClCompile>
    <ClCompile Include="oscpack\ip\win32\UdpSocket.cpp">
      <Filter>Fichiers de ressources\osc</Filter>
    </ClCompile>
    <ClCompile Include="TouchListener.cpp">
      <Filter>Fichiers sources</Filter>
    </ClCompile>
    <ClCompile Include="TouchPoint.cpp">
      <Filter>Fichiers sources</Filter>
    </ClCompile>
    <ClCompile Include="TouchRenderer.cpp">
      <Filter>Fichiers sources</Filter>
    </ClCompile>
    <ClCompile Include="Server\tcp_server.cpp">
      <Filter>Fichiers sources</Filter>
    </ClCompile>
    <ClCompile Include="Drawing.cpp">
      <Filter>Fichiers sources</Filter>
    </ClCompile>
    <ClCompile Include="Main.cpp">
      <Filter>Fichiers sources</Filter>
    </ClCompile>
  </ItemGroup>
  <ItemGroup>
    <ClInclude Include="oscpack\ip\IpEndpointName.h">
      <Filter>Fichiers d%27en-tête\osc</Filter>
    </ClInclude>
    <ClInclude Include="oscpack\osc\MessageMappingOscPacketListener.h">
      <Filter>Fichiers d%27en-tête\osc</Filter>
    </ClInclude>
    <ClInclude Include="oscpack\ip\NetworkingUtils.h">
      <Filter>Fichiers d%27en-tête\osc</Filter>
    </ClInclude>
    <ClInclude Include="oscpack\osc\OscException.h">
      <Filter>Fichiers d%27en-tête\osc</Filter>
    </ClInclude>
    <ClInclude Include="oscpack\osc\OscHostEndianness.h">
      <Filter>Fichiers d%27en-tête\osc</Filter>
    </ClInclude>
    <ClInclude Include="oscpack\osc\OscOutboundPacketStream.h">
      <Filter>Fichiers d%27en-tête\osc</Filter>
    </ClInclude>
    <ClInclude Include="oscpack\osc\OscPacketListener.h">
      <Filter>Fichiers d%27en-tête\osc</Filter>
    </ClInclude>
    <ClInclude Include="oscpack\osc\OscPrintReceivedElements.h">
      <Filter>Fichiers d%27en-tête\osc</Filter>
    </ClInclude>
    <ClInclude Include="oscpack\osc\OscReceivedElements.h">
      <Filter>Fichiers d%27en-tête\osc</Filter>
    </ClInclude>
    <ClInclude Include="oscpack\osc\OscTypes.h">
      <Filter>Fichiers d%27en-tête\osc</Filter>
    </ClInclude>
    <ClInclude Include="oscpack\ip\PacketListener.h">
      <Filter>Fichiers d%27en-tête\osc</Filter>
    </ClInclude>
    <ClInclude Include="oscpack\ip\TimerListener.h">
      <Filter>Fichiers d%27en-tête\osc</Filter>
    </ClInclude>
    <ClInclude Include="TUIO\TuioClient.h">
      <Filter>Fichiers d%27en-tête\tuio</Filter>
    </ClInclude>
    <ClInclude Include="TUIO\TuioCursor.h">
      <Filter>Fichiers d%27en-tête\tuio</Filter>
    </ClInclude>
    <ClInclude Include="TUIO\TuioListener.h">
      <Filter>Fichiers d%27en-tête\tuio</Filter>
    </ClInclude>
    <ClInclude Include="TUIO\TuioObject.h">
      <Filter>Fichiers d%27en-tête\tuio</Filter>
    </ClInclude>
    <ClInclude Include="TUIO\TuioPoint.h">
      <Filter>Fichiers d%27en-tête\tuio</Filter>
    </ClInclude>
    <ClInclude Include="TUIO\TuioServer.h">
      <Filter>Fichiers d%27en-tête\tuio</Filter>
    </ClInclude>
    <ClInclude Include="TUIO\TuioTime.h">
      <Filter>Fichiers d%27en-tête\tuio</Filter>
    </ClInclude>
    <ClInclude Include="oscpack\ip\UdpSocket.h">
      <Filter>Fichiers d%27en-tête\osc</Filter>
    </ClInclude>
    <ClInclude Include="TouchListener.h">
      <Filter>Fichiers d%27en-tête</Filter>
    </ClInclude>
    <ClInclude Include="TouchPoint.h">
      <Filter>Fichiers d%27en-tête</Filter>
    </ClInclude>
    <ClInclude Include="TouchRenderer.h">
      <Filter>Fichiers d%27en-tête</Filter>
    </ClInclude>
    <ClInclude Include="System.h">
      <Filter>Fichiers d%27en-tête</Filter>
    </ClInclude>
    <ClInclude Include="Server\tcp_server.h">
      <Filter>Fichiers d%27en-tête</Filter>
    </ClInclude>
    <ClInclude Include="Drawing.h">
      <Filter>Fichiers d%27en-tête</Filter>
    </ClInclude>
    <ClInclude Include="SCProtocol.h">
      <Filter>Fichiers d%27en-tête</Filter>
    </ClInclude>
  </ItemGroup>
</Project>